// !$*UTF8*$!
{
	archiveVersion = 1;
	classes = {
	};
	objectVersion = 77;
	objects = {

/* Begin PBXContainerItemProxy section */
		FF40E3312CFF694300092436 /* PBXContainerItemProxy */ = {
			isa = PBXContainerItemProxy;
			containerPortal = FF40E3182CFF694300092436 /* Project object */;
			proxyType = 1;
			remoteGlobalIDString = FF40E31F2CFF694300092436;
			remoteInfo = CatchToTonySwiftUI;
		};
		FF40E33B2CFF694300092436 /* PBXContainerItemProxy */ = {
			isa = PBXContainerItemProxy;
			containerPortal = FF40E3182CFF694300092436 /* Project object */;
			proxyType = 1;
			remoteGlobalIDString = FF40E31F2CFF694300092436;
			remoteInfo = CatchToTonySwiftUI;
		};
/* End PBXContainerItemProxy section */

/* Begin PBXFileReference section */
		FF40E3202CFF694300092436 /* CatchToTonySwiftUI.app */ = {isa = PBXFileReference; explicitFileType = wrapper.application; includeInIndex = 0; path = CatchToTonySwiftUI.app; sourceTree = BUILT_PRODUCTS_DIR; };
		FF40E3302CFF694300092436 /* CatchToTonySwiftUITests.xctest */ = {isa = PBXFileReference; explicitFileType = wrapper.cfbundle; includeInIndex = 0; path = CatchToTonySwiftUITests.xctest; sourceTree = BUILT_PRODUCTS_DIR; };
		FF40E33A2CFF694300092436 /* CatchToTonySwiftUIUITests.xctest */ = {isa = PBXFileReference; explicitFileType = wrapper.cfbundle; includeInIndex = 0; path = CatchToTonySwiftUIUITests.xctest; sourceTree = BUILT_PRODUCTS_DIR; };
/* End PBXFileReference section */

/* Begin PBXFileSystemSynchronizedRootGroup section */
		FF40E3222CFF694300092436 /* CatchToTonySwiftUI */ = {
			isa = PBXFileSystemSynchronizedRootGroup;
			path = CatchToTonySwiftUI;
			sourceTree = "<group>";
		};
		FF40E3332CFF694300092436 /* CatchToTonySwiftUITests */ = {
			isa = PBXFileSystemSynchronizedRootGroup;
			path = CatchToTonySwiftUITests;
			sourceTree = "<group>";
		};
		FF40E33D2CFF694300092436 /* CatchToTonySwiftUIUITests */ = {
			isa = PBXFileSystemSynchronizedRootGroup;
			path = CatchToTonySwiftUIUITests;
			sourceTree = "<group>";
		};
/* End PBXFileSystemSynchronizedRootGroup section */

/* Begin PBXFrameworksBuildPhase section */
		FF40E31D2CFF694300092436 /* Frameworks */ = {
			isa = PBXFrameworksBuildPhase;
			buildActionMask = 2147483647;
			files = (
			);
			runOnlyForDeploymentPostprocessing = 0;
		};
		FF40E32D2CFF694300092436 /* Frameworks */ = {
			isa = PBXFrameworksBuildPhase;
			buildActionMask = 2147483647;
			files = (
			);
			runOnlyForDeploymentPostprocessing = 0;
		};
		FF40E3372CFF694300092436 /* Frameworks */ = {
			isa = PBXFrameworksBuildPhase;
			buildActionMask = 2147483647;
			files = (
			);
			runOnlyForDeploymentPostprocessing = 0;
		};
/* End PBXFrameworksBuildPhase section */

/* Begin PBXGroup section */
		FF40E3172CFF694300092436 = {
			isa = PBXGroup;
			children = (
				FF40E3222CFF694300092436 /* CatchToTonySwiftUI */,
				FF40E3332CFF694300092436 /* CatchToTonySwiftUITests */,
				FF40E33D2CFF694300092436 /* CatchToTonySwiftUIUITests */,
				FF40E3212CFF694300092436 /* Products */,
			);
			sourceTree = "<group>";
		};
		FF40E3212CFF694300092436 /* Products */ = {
			isa = PBXGroup;
			children = (
				FF40E3202CFF694300092436 /* CatchToTonySwiftUI.app */,
				FF40E3302CFF694300092436 /* CatchToTonySwiftUITests.xctest */,
				FF40E33A2CFF694300092436 /* CatchToTonySwiftUIUITests.xctest */,
			);
			name = Products;
			sourceTree = "<group>";
		};
/* End PBXGroup section */

/* Begin PBXNativeTarget section */
		FF40E31F2CFF694300092436 /* CatchToTonySwiftUI */ = {
			isa = PBXNativeTarget;
			buildConfigurationList = FF40E3442CFF694300092436 /* Build configuration list for PBXNativeTarget "CatchToTonySwiftUI" */;
			buildPhases = (
				FF40E31C2CFF694300092436 /* Sources */,
				FF40E31D2CFF694300092436 /* Frameworks */,
				FF40E31E2CFF694300092436 /* Resources */,
			);
			buildRules = (
			);
			dependencies = (
			);
			fileSystemSynchronizedGroups = (
				FF40E3222CFF694300092436 /* CatchToTonySwiftUI */,
			);
			name = CatchToTonySwiftUI;
			packageProductDependencies = (
			);
			productName = CatchToTonySwiftUI;
			productReference = FF40E3202CFF694300092436 /* CatchToTonySwiftUI.app */;
			productType = "com.apple.product-type.application";
		};
		FF40E32F2CFF694300092436 /* CatchToTonySwiftUITests */ = {
			isa = PBXNativeTarget;
			buildConfigurationList = FF40E3472CFF694300092436 /* Build configuration list for PBXNativeTarget "CatchToTonySwiftUITests" */;
			buildPhases = (
				FF40E32C2CFF694300092436 /* Sources */,
				FF40E32D2CFF694300092436 /* Frameworks */,
				FF40E32E2CFF694300092436 /* Resources */,
			);
			buildRules = (
			);
			dependencies = (
				FF40E3322CFF694300092436 /* PBXTargetDependency */,
			);
			fileSystemSynchronizedGroups = (
				FF40E3332CFF694300092436 /* CatchToTonySwiftUITests */,
			);
			name = CatchToTonySwiftUITests;
			packageProductDependencies = (
			);
			productName = CatchToTonySwiftUITests;
			productReference = FF40E3302CFF694300092436 /* CatchToTonySwiftUITests.xctest */;
			productType = "com.apple.product-type.bundle.unit-test";
		};
		FF40E3392CFF694300092436 /* CatchToTonySwiftUIUITests */ = {
			isa = PBXNativeTarget;
			buildConfigurationList = FF40E34A2CFF694300092436 /* Build configuration list for PBXNativeTarget "CatchToTonySwiftUIUITests" */;
			buildPhases = (
				FF40E3362CFF694300092436 /* Sources */,
				FF40E3372CFF694300092436 /* Frameworks */,
				FF40E3382CFF694300092436 /* Resources */,
			);
			buildRules = (
			);
			dependencies = (
				FF40E33C2CFF694300092436 /* PBXTargetDependency */,
			);
			fileSystemSynchronizedGroups = (
				FF40E33D2CFF694300092436 /* CatchToTonySwiftUIUITests */,
			);
			name = CatchToTonySwiftUIUITests;
			packageProductDependencies = (
			);
			productName = CatchToTonySwiftUIUITests;
			productReference = FF40E33A2CFF694300092436 /* CatchToTonySwiftUIUITests.xctest */;
			productType = "com.apple.product-type.bundle.ui-testing";
		};
/* End PBXNativeTarget section */

/* Begin PBXProject section */
		FF40E3182CFF694300092436 /* Project object */ = {
			isa = PBXProject;
			attributes = {
				BuildIndependentTargetsInParallel = 1;
				LastSwiftUpdateCheck = 1610;
				LastUpgradeCheck = 1610;
				TargetAttributes = {
					FF40E31F2CFF694300092436 = {
						CreatedOnToolsVersion = 16.1;
					};
					FF40E32F2CFF694300092436 = {
						CreatedOnToolsVersion = 16.1;
						TestTargetID = FF40E31F2CFF694300092436;
					};
					FF40E3392CFF694300092436 = {
						CreatedOnToolsVersion = 16.1;
						TestTargetID = FF40E31F2CFF694300092436;
					};
				};
			};
			buildConfigurationList = FF40E31B2CFF694300092436 /* Build configuration list for PBXProject "CatchToTonySwiftUI" */;
			developmentRegion = en;
			hasScannedForEncodings = 0;
			knownRegions = (
				en,
				Base,
			);
			mainGroup = FF40E3172CFF694300092436;
			minimizedProjectReferenceProxies = 1;
			preferredProjectObjectVersion = 77;
			productRefGroup = FF40E3212CFF694300092436 /* Products */;
			projectDirPath = "";
			projectRoot = "";
			targets = (
				FF40E31F2CFF694300092436 /* CatchToTonySwiftUI */,
				FF40E32F2CFF694300092436 /* CatchToTonySwiftUITests */,
				FF40E3392CFF694300092436 /* CatchToTonySwiftUIUITests */,
			);
		};
/* End PBXProject section */

/* Begin PBXResourcesBuildPhase section */
		FF40E31E2CFF694300092436 /* Resources */ = {
			isa = PBXResourcesBuildPhase;
			buildActionMask = 2147483647;
			files = (
			);
			runOnlyForDeploymentPostprocessing = 0;
		};
		FF40E32E2CFF694300092436 /* Resources */ = {
			isa = PBXResourcesBuildPhase;
			buildActionMask = 2147483647;
			files = (
			);
			runOnlyForDeploymentPostprocessing = 0;
		};
		FF40E3382CFF694300092436 /* Resources */ = {
			isa = PBXResourcesBuildPhase;
			buildActionMask = 2147483647;
			files = (
			);
			runOnlyForDeploymentPostprocessing = 0;
		};
/* End PBXResourcesBuildPhase section */

/* Begin PBXSourcesBuildPhase section */
		FF40E31C2CFF694300092436 /* Sources */ = {
			isa = PBXSourcesBuildPhase;
			buildActionMask = 2147483647;
			files = (
			);
			runOnlyForDeploymentPostprocessing = 0;
		};
		FF40E32C2CFF694300092436 /* Sources */ = {
			isa = PBXSourcesBuildPhase;
			buildActionMask = 2147483647;
			files = (
			);
			runOnlyForDeploymentPostprocessing = 0;
		};
		FF40E3362CFF694300092436 /* Sources */ = {
			isa = PBXSourcesBuildPhase;
			buildActionMask = 2147483647;
			files = (
			);
			runOnlyForDeploymentPostprocessing = 0;
		};
/* End PBXSourcesBuildPhase section */

/* Begin PBXTargetDependency section */
		FF40E3322CFF694300092436 /* PBXTargetDependency */ = {
			isa = PBXTargetDependency;
			target = FF40E31F2CFF694300092436 /* CatchToTonySwiftUI */;
			targetProxy = FF40E3312CFF694300092436 /* PBXContainerItemProxy */;
		};
		FF40E33C2CFF694300092436 /* PBXTargetDependency */ = {
			isa = PBXTargetDependency;
			target = FF40E31F2CFF694300092436 /* CatchToTonySwiftUI */;
			targetProxy = FF40E33B2CFF694300092436 /* PBXContainerItemProxy */;
		};
/* End PBXTargetDependency section */

/* Begin XCBuildConfiguration section */
		FF40E3422CFF694300092436 /* Debug */ = {
			isa = XCBuildConfiguration;
			buildSettings = {
				ALWAYS_SEARCH_USER_PATHS = NO;
				ASSETCATALOG_COMPILER_GENERATE_SWIFT_ASSET_SYMBOL_EXTENSIONS = YES;
				CLANG_ANALYZER_NONNULL = YES;
				CLANG_ANALYZER_NUMBER_OBJECT_CONVERSION = YES_AGGRESSIVE;
				CLANG_CXX_LANGUAGE_STANDARD = "gnu++20";
				CLANG_ENABLE_MODULES = YES;
				CLANG_ENABLE_OBJC_ARC = YES;
				CLANG_ENABLE_OBJC_WEAK = YES;
				CLANG_WARN_BLOCK_CAPTURE_AUTORELEASING = YES;
				CLANG_WARN_BOOL_CONVERSION = YES;
				CLANG_WARN_COMMA = YES;
				CLANG_WARN_CONSTANT_CONVERSION = YES;
				CLANG_WARN_DEPRECATED_OBJC_IMPLEMENTATIONS = YES;
				CLANG_WARN_DIRECT_OBJC_ISA_USAGE = YES_ERROR;
				CLANG_WARN_DOCUMENTATION_COMMENTS = YES;
				CLANG_WARN_EMPTY_BODY = YES;
				CLANG_WARN_ENUM_CONVERSION = YES;
				CLANG_WARN_INFINITE_RECURSION = YES;
				CLANG_WARN_INT_CONVERSION = YES;
				CLANG_WARN_NON_LITERAL_NULL_CONVERSION = YES;
				CLANG_WARN_OBJC_IMPLICIT_RETAIN_SELF = YES;
				CLANG_WARN_OBJC_LITERAL_CONVERSION = YES;
				CLANG_WARN_OBJC_ROOT_CLASS = YES_ERROR;
				CLANG_WARN_QUOTED_INCLUDE_IN_FRAMEWORK_HEADER = YES;
				CLANG_WARN_RANGE_LOOP_ANALYSIS = YES;
				CLANG_WARN_STRICT_PROTOTYPES = YES;
				CLANG_WARN_SUSPICIOUS_MOVE = YES;
				CLANG_WARN_UNGUARDED_AVAILABILITY = YES_AGGRESSIVE;
				CLANG_WARN_UNREACHABLE_CODE = YES;
				CLANG_WARN__DUPLICATE_METHOD_MATCH = YES;
				COPY_PHASE_STRIP = NO;
				DEBUG_INFORMATION_FORMAT = dwarf;
				ENABLE_STRICT_OBJC_MSGSEND = YES;
				ENABLE_TESTABILITY = YES;
				ENABLE_USER_SCRIPT_SANDBOXING = YES;
				GCC_C_LANGUAGE_STANDARD = gnu17;
				GCC_DYNAMIC_NO_PIC = NO;
				GCC_NO_COMMON_BLOCKS = YES;
				GCC_OPTIMIZATION_LEVEL = 0;
				GCC_PREPROCESSOR_DEFINITIONS = (
					"DEBUG=1",
					"$(inherited)",
				);
				GCC_WARN_64_TO_32_BIT_CONVERSION = YES;
				GCC_WARN_ABOUT_RETURN_TYPE = YES_ERROR;
				GCC_WARN_UNDECLARED_SELECTOR = YES;
				GCC_WARN_UNINITIALIZED_AUTOS = YES_AGGRESSIVE;
				GCC_WARN_UNUSED_FUNCTION = YES;
				GCC_WARN_UNUSED_VARIABLE = YES;
				IPHONEOS_DEPLOYMENT_TARGET = 18.1;
				LOCALIZATION_PREFERS_STRING_CATALOGS = YES;
				MTL_ENABLE_DEBUG_INFO = INCLUDE_SOURCE;
				MTL_FAST_MATH = YES;
				ONLY_ACTIVE_ARCH = YES;
				SDKROOT = iphoneos;
				SWIFT_ACTIVE_COMPILATION_CONDITIONS = "DEBUG $(inherited)";
				SWIFT_OPTIMIZATION_LEVEL = "-Onone";
			};
			name = Debug;
		};
		FF40E3432CFF694300092436 /* Release */ = {
			isa = XCBuildConfiguration;
			buildSettings = {
				ALWAYS_SEARCH_USER_PATHS = NO;
				ASSETCATALOG_COMPILER_GENERATE_SWIFT_ASSET_SYMBOL_EXTENSIONS = YES;
				CLANG_ANALYZER_NONNULL = YES;
				CLANG_ANALYZER_NUMBER_OBJECT_CONVERSION = YES_AGGRESSIVE;
				CLANG_CXX_LANGUAGE_STANDARD = "gnu++20";
				CLANG_ENABLE_MODULES = YES;
				CLANG_ENABLE_OBJC_ARC = YES;
				CLANG_ENABLE_OBJC_WEAK = YES;
				CLANG_WARN_BLOCK_CAPTURE_AUTORELEASING = YES;
				CLANG_WARN_BOOL_CONVERSION = YES;
				CLANG_WARN_COMMA = YES;
				CLANG_WARN_CONSTANT_CONVERSION = YES;
				CLANG_WARN_DEPRECATED_OBJC_IMPLEMENTATIONS = YES;
				CLANG_WARN_DIRECT_OBJC_ISA_USAGE = YES_ERROR;
				CLANG_WARN_DOCUMENTATION_COMMENTS = YES;
				CLANG_WARN_EMPTY_BODY = YES;
				CLANG_WARN_ENUM_CONVERSION = YES;
				CLANG_WARN_INFINITE_RECURSION = YES;
				CLANG_WARN_INT_CONVERSION = YES;
				CLANG_WARN_NON_LITERAL_NULL_CONVERSION = YES;
				CLANG_WARN_OBJC_IMPLICIT_RETAIN_SELF = YES;
				CLANG_WARN_OBJC_LITERAL_CONVERSION = YES;
				CLANG_WARN_OBJC_ROOT_CLASS = YES_ERROR;
				CLANG_WARN_QUOTED_INCLUDE_IN_FRAMEWORK_HEADER = YES;
				CLANG_WARN_RANGE_LOOP_ANALYSIS = YES;
				CLANG_WARN_STRICT_PROTOTYPES = YES;
				CLANG_WARN_SUSPICIOUS_MOVE = YES;
				CLANG_WARN_UNGUARDED_AVAILABILITY = YES_AGGRESSIVE;
				CLANG_WARN_UNREACHABLE_CODE = YES;
				CLANG_WARN__DUPLICATE_METHOD_MATCH = YES;
				COPY_PHASE_STRIP = NO;
				DEBUG_INFORMATION_FORMAT = "dwarf-with-dsym";
				ENABLE_NS_ASSERTIONS = NO;
				ENABLE_STRICT_OBJC_MSGSEND = YES;
				ENABLE_USER_SCRIPT_SANDBOXING = YES;
				GCC_C_LANGUAGE_STANDARD = gnu17;
				GCC_NO_COMMON_BLOCKS = YES;
				GCC_WARN_64_TO_32_BIT_CONVERSION = YES;
				GCC_WARN_ABOUT_RETURN_TYPE = YES_ERROR;
				GCC_WARN_UNDECLARED_SELECTOR = YES;
				GCC_WARN_UNINITIALIZED_AUTOS = YES_AGGRESSIVE;
				GCC_WARN_UNUSED_FUNCTION = YES;
				GCC_WARN_UNUSED_VARIABLE = YES;
				IPHONEOS_DEPLOYMENT_TARGET = 18.1;
				LOCALIZATION_PREFERS_STRING_CATALOGS = YES;
				MTL_ENABLE_DEBUG_INFO = NO;
				MTL_FAST_MATH = YES;
				SDKROOT = iphoneos;
				SWIFT_COMPILATION_MODE = wholemodule;
				VALIDATE_PRODUCT = YES;
			};
			name = Release;
		};
		FF40E3452CFF694300092436 /* Debug */ = {
			isa = XCBuildConfiguration;
			buildSettings = {
				ASSETCATALOG_COMPILER_APPICON_NAME = AppIcon;
				ASSETCATALOG_COMPILER_GLOBAL_ACCENT_COLOR_NAME = AccentColor;
				CODE_SIGN_STYLE = Automatic;
				CURRENT_PROJECT_VERSION = 1;
				DEVELOPMENT_ASSET_PATHS = "\"CatchToTonySwiftUI/Preview Content\"";
				ENABLE_PREVIEWS = YES;
				GENERATE_INFOPLIST_FILE = YES;
				INFOPLIST_KEY_UIApplicationSceneManifest_Generation = YES;
				INFOPLIST_KEY_UIApplicationSupportsIndirectInputEvents = YES;
				INFOPLIST_KEY_UILaunchScreen_Generation = YES;
				INFOPLIST_KEY_UISupportedInterfaceOrientations_iPad = "UIInterfaceOrientationPortrait UIInterfaceOrientationPortraitUpsideDown UIInterfaceOrientationLandscapeLeft UIInterfaceOrientationLandscapeRight";
				INFOPLIST_KEY_UISupportedInterfaceOrientations_iPhone = "UIInterfaceOrientationPortrait UIInterfaceOrientationLandscapeLeft UIInterfaceOrientationLandscapeRight";
				LD_RUNPATH_SEARCH_PATHS = (
					"$(inherited)",
					"@executable_path/Frameworks",
				);
				MARKETING_VERSION = 1.0;
				PRODUCT_BUNDLE_IDENTIFIER = com.omerapaydin.CatchToTonySwiftUI;
				PRODUCT_NAME = "$(TARGET_NAME)";
				SWIFT_EMIT_LOC_STRINGS = YES;
				SWIFT_VERSION = 5.0;
				TARGETED_DEVICE_FAMILY = "1,2";
			};
			name = Debug;
		};
		FF40E3462CFF694300092436 /* Release */ = {
			isa = XCBuildConfiguration;
			buildSettings = {
				ASSETCATALOG_COMPILER_APPICON_NAME = AppIcon;
				ASSETCATALOG_COMPILER_GLOBAL_ACCENT_COLOR_NAME = AccentColor;
				CODE_SIGN_STYLE = Automatic;
				CURRENT_PROJECT_VERSION = 1;
				DEVELOPMENT_ASSET_PATHS = "\"CatchToTonySwiftUI/Preview Content\"";
				ENABLE_PREVIEWS = YES;
				GENERATE_INFOPLIST_FILE = YES;
				INFOPLIST_KEY_UIApplicationSceneManifest_Generation = YES;
				INFOPLIST_KEY_UIApplicationSupportsIndirectInputEvents = YES;
				INFOPLIST_KEY_UILaunchScreen_Generation = YES;
				INFOPLIST_KEY_UISupportedInterfaceOrientations_iPad = "UIInterfaceOrientationPortrait UIInterfaceOrientationPortraitUpsideDown UIInterfaceOrientationLandscapeLeft UIInterfaceOrientationLandscapeRight";
				INFOPLIST_KEY_UISupportedInterfaceOrientations_iPhone = "UIInterfaceOrientationPortrait UIInterfaceOrientationLandscapeLeft UIInterfaceOrientationLandscapeRight";
				LD_RUNPATH_SEARCH_PATHS = (
					"$(inherited)",
					"@executable_path/Frameworks",
				);
				MARKETING_VERSION = 1.0;
				PRODUCT_BUNDLE_IDENTIFIER = com.omerapaydin.CatchToTonySwiftUI;
				PRODUCT_NAME = "$(TARGET_NAME)";
				SWIFT_EMIT_LOC_STRINGS = YES;
				SWIFT_VERSION = 5.0;
				TARGETED_DEVICE_FAMILY = "1,2";
			};
			name = Release;
		};
		FF40E3482CFF694300092436 /* Debug */ = {
			isa = XCBuildConfiguration;
			buildSettings = {
				BUNDLE_LOADER = "$(TEST_HOST)";
				CODE_SIGN_STYLE = Automatic;
				CURRENT_PROJECT_VERSION = 1;
				GENERATE_INFOPLIST_FILE = YES;
				IPHONEOS_DEPLOYMENT_TARGET = 18.1;
				MARKETING_VERSION = 1.0;
				PRODUCT_BUNDLE_IDENTIFIER = com.omerapaydin.CatchToTonySwiftUITests;
				PRODUCT_NAME = "$(TARGET_NAME)";
				SWIFT_EMIT_LOC_STRINGS = NO;
				SWIFT_VERSION = 5.0;
				TARGETED_DEVICE_FAMILY = "1,2";
				TEST_HOST = "$(BUILT_PRODUCTS_DIR)/CatchToTonySwiftUI.app/$(BUNDLE_EXECUTABLE_FOLDER_PATH)/CatchToTonySwiftUI";
			};
			name = Debug;
		};
		FF40E3492CFF694300092436 /* Release */ = {
			isa = XCBuildConfiguration;
			buildSettings = {
				BUNDLE_LOADER = "$(TEST_HOST)";
				CODE_SIGN_STYLE = Automatic;
				CURRENT_PROJECT_VERSION = 1;
				GENERATE_INFOPLIST_FILE = YES;
				IPHONEOS_DEPLOYMENT_TARGET = 18.1;
				MARKETING_VERSION = 1.0;
				PRODUCT_BUNDLE_IDENTIFIER = com.omerapaydin.CatchToTonySwiftUITests;
				PRODUCT_NAME = "$(TARGET_NAME)";
				SWIFT_EMIT_LOC_STRINGS = NO;
				SWIFT_VERSION = 5.0;
				TARGETED_DEVICE_FAMILY = "1,2";
				TEST_HOST = "$(BUILT_PRODUCTS_DIR)/CatchToTonySwiftUI.app/$(BUNDLE_EXECUTABLE_FOLDER_PATH)/CatchToTonySwiftUI";
			};
			name = Release;
		};
		FF40E34B2CFF694300092436 /* Debug */ = {
			isa = XCBuildConfiguration;
			buildSettings = {
				CODE_SIGN_STYLE = Automatic;
				CURRENT_PROJECT_VERSION = 1;
				GENERATE_INFOPLIST_FILE = YES;
				MARKETING_VERSION = 1.0;
				PRODUCT_BUNDLE_IDENTIFIER = com.omerapaydin.CatchToTonySwiftUIUITests;
				PRODUCT_NAME = "$(TARGET_NAME)";
				SWIFT_EMIT_LOC_STRINGS = NO;
				SWIFT_VERSION = 5.0;
				TARGETED_DEVICE_FAMILY = "1,2";
				TEST_TARGET_NAME = CatchToTonySwiftUI;
			};
			name = Debug;
		};
		FF40E34C2CFF694300092436 /* Release */ = {
			isa = XCBuildConfiguration;
			buildSettings = {
				CODE_SIGN_STYLE = Automatic;
				CURRENT_PROJECT_VERSION = 1;
				GENERATE_INFOPLIST_FILE = YES;
				MARKETING_VERSION = 1.0;
				PRODUCT_BUNDLE_IDENTIFIER = com.omerapaydin.CatchToTonySwiftUIUITests;
				PRODUCT_NAME = "$(TARGET_NAME)";
				SWIFT_EMIT_LOC_STRINGS = NO;
				SWIFT_VERSION = 5.0;
				TARGETED_DEVICE_FAMILY = "1,2";
				TEST_TARGET_NAME = CatchToTonySwiftUI;
			};
			name = Release;
		};
/* End XCBuildConfiguration section */

/* Begin XCConfigurationList section */
		FF40E31B2CFF694300092436 /* Build configuration list for PBXProject "CatchToTonySwiftUI" */ = {
			isa = XCConfigurationList;
			buildConfigurations = (
				FF40E3422CFF694300092436 /* Debug */,
				FF40E3432CFF694300092436 /* Release */,
			);
			defaultConfigurationIsVisible = 0;
			defaultConfigurationName = Release;
		};
		FF40E3442CFF694300092436 /* Build configuration list for PBXNativeTarget "CatchToTonySwiftUI" */ = {
			isa = XCConfigurationList;
			buildConfigurations = (
				FF40E3452CFF694300092436 /* Debug */,
				FF40E3462CFF694300092436 /* Release */,
			);
			defaultConfigurationIsVisible = 0;
			defaultConfigurationName = Release;
		};
		FF40E3472CFF694300092436 /* Build configuration list for PBXNativeTarget "CatchToTonySwiftUITests" */ = {
			isa = XCConfigurationList;
			buildConfigurations = (
				FF40E3482CFF694300092436 /* Debug */,
				FF40E3492CFF694300092436 /* Release */,
			);
			defaultConfigurationIsVisible = 0;
			defaultConfigurationName = Release;
		};
		FF40E34A2CFF694300092436 /* Build configuration list for PBXNativeTarget "CatchToTonySwiftUIUITests" */ = {
			isa = XCConfigurationList;
			buildConfigurations = (
				FF40E34B2CFF694300092436 /* Debug */,
				FF40E34C2CFF694300092436 /* Release */,
			);
			defaultConfigurationIsVisible = 0;
			defaultConfigurationName = Release;
		};
/* End XCConfigurationList section */
	};
	rootObject = FF40E3182CFF694300092436 /* Project object */;
}
